// !$*UTF8*$!
{
	archiveVersion = 1;
	classes = {
	};
	objectVersion = 50;
	objects = {

/* Begin PBXBuildFile section */
		D51D6EE2269C1F1300E25263 /* AppDelegate.swift in Sources */ = {isa = PBXBuildFile; fileRef = D51D6EE1269C1F1300E25263 /* AppDelegate.swift */; };
		D51D6EE4269C1F1300E25263 /* SceneDelegate.swift in Sources */ = {isa = PBXBuildFile; fileRef = D51D6EE3269C1F1300E25263 /* SceneDelegate.swift */; };
		D51D6EE6269C1F1300E25263 /* ViewController.swift in Sources */ = {isa = PBXBuildFile; fileRef = D51D6EE5269C1F1300E25263 /* ViewController.swift */; };
		D51D6EE9269C1F1300E25263 /* Main.storyboard in Resources */ = {isa = PBXBuildFile; fileRef = D51D6EE7269C1F1300E25263 /* Main.storyboard */; };
		D51D6EEC269C1F1300E25263 /* MusicSet.xcdatamodeld in Sources */ = {isa = PBXBuildFile; fileRef = D51D6EEA269C1F1300E25263 /* MusicSet.xcdatamodeld */; };
		D51D6EEE269C1F1500E25263 /* Assets.xcassets in Resources */ = {isa = PBXBuildFile; fileRef = D51D6EED269C1F1500E25263 /* Assets.xcassets */; };
		D51D6EF1269C1F1500E25263 /* LaunchScreen.storyboard in Resources */ = {isa = PBXBuildFile; fileRef = D51D6EEF269C1F1500E25263 /* LaunchScreen.storyboard */; };
		D51D6EFC269C1F1600E25263 /* MusicSetTests.swift in Sources */ = {isa = PBXBuildFile; fileRef = D51D6EFB269C1F1600E25263 /* MusicSetTests.swift */; };
		D51D6F07269C1F1600E25263 /* MusicSetUITests.swift in Sources */ = {isa = PBXBuildFile; fileRef = D51D6F06269C1F1600E25263 /* MusicSetUITests.swift */; };
/* End PBXBuildFile section */

/* Begin PBXContainerItemProxy section */
		D51D6EF8269C1F1600E25263 /* PBXContainerItemProxy */ = {
			isa = PBXContainerItemProxy;
			containerPortal = D51D6ED6269C1F1300E25263 /* Project object */;
			proxyType = 1;
			remoteGlobalIDString = D51D6EDD269C1F1300E25263;
			remoteInfo = MusicSet;
		};
		D51D6F03269C1F1600E25263 /* PBXContainerItemProxy */ = {
			isa = PBXContainerItemProxy;
			containerPortal = D51D6ED6269C1F1300E25263 /* Project object */;
			proxyType = 1;
			remoteGlobalIDString = D51D6EDD269C1F1300E25263;
			remoteInfo = MusicSet;
		};
/* End PBXContainerItemProxy section */

/* Begin PBXFileReference section */
		D51D6EDE269C1F1300E25263 /* MusicSet.app */ = {isa = PBXFileReference; explicitFileType = wrapper.application; includeInIndex = 0; path = MusicSet.app; sourceTree = BUILT_PRODUCTS_DIR; };
		D51D6EE1269C1F1300E25263 /* AppDelegate.swift */ = {isa = PBXFileReference; lastKnownFileType = sourcecode.swift; path = AppDelegate.swift; sourceTree = "<group>"; };
		D51D6EE3269C1F1300E25263 /* SceneDelegate.swift */ = {isa = PBXFileReference; lastKnownFileType = sourcecode.swift; path = SceneDelegate.swift; sourceTree = "<group>"; };
		D51D6EE5269C1F1300E25263 /* ViewController.swift */ = {isa = PBXFileReference; lastKnownFileType = sourcecode.swift; path = ViewController.swift; sourceTree = "<group>"; };
		D51D6EE8269C1F1300E25263 /* Base */ = {isa = PBXFileReference; lastKnownFileType = file.storyboard; name = Base; path = Base.lproj/Main.storyboard; sourceTree = "<group>"; };
		D51D6EEB269C1F1300E25263 /* MusicSet.xcdatamodel */ = {isa = PBXFileReference; lastKnownFileType = wrapper.xcdatamodel; path = MusicSet.xcdatamodel; sourceTree = "<group>"; };
		D51D6EED269C1F1500E25263 /* Assets.xcassets */ = {isa = PBXFileReference; lastKnownFileType = folder.assetcatalog; path = Assets.xcassets; sourceTree = "<group>"; };
		D51D6EF0269C1F1500E25263 /* Base */ = {isa = PBXFileReference; lastKnownFileType = file.storyboard; name = Base; path = Base.lproj/LaunchScreen.storyboard; sourceTree = "<group>"; };
		D51D6EF2269C1F1500E25263 /* Info.plist */ = {isa = PBXFileReference; lastKnownFileType = text.plist.xml; path = Info.plist; sourceTree = "<group>"; };
		D51D6EF7269C1F1600E25263 /* MusicSetTests.xctest */ = {isa = PBXFileReference; explicitFileType = wrapper.cfbundle; includeInIndex = 0; path = MusicSetTests.xctest; sourceTree = BUILT_PRODUCTS_DIR; };
		D51D6EFB269C1F1600E25263 /* MusicSetTests.swift */ = {isa = PBXFileReference; lastKnownFileType = sourcecode.swift; path = MusicSetTests.swift; sourceTree = "<group>"; };
		D51D6EFD269C1F1600E25263 /* Info.plist */ = {isa = PBXFileReference; lastKnownFileType = text.plist.xml; path = Info.plist; sourceTree = "<group>"; };
		D51D6F02269C1F1600E25263 /* MusicSetUITests.xctest */ = {isa = PBXFileReference; explicitFileType = wrapper.cfbundle; includeInIndex = 0; path = MusicSetUITests.xctest; sourceTree = BUILT_PRODUCTS_DIR; };
		D51D6F06269C1F1600E25263 /* MusicSetUITests.swift */ = {isa = PBXFileReference; lastKnownFileType = sourcecode.swift; path = MusicSetUITests.swift; sourceTree = "<group>"; };
		D51D6F08269C1F1600E25263 /* Info.plist */ = {isa = PBXFileReference; lastKnownFileType = text.plist.xml; path = Info.plist; sourceTree = "<group>"; };
/* End PBXFileReference section */

/* Begin PBXFrameworksBuildPhase section */
		D51D6EDB269C1F1300E25263 /* Frameworks */ = {
			isa = PBXFrameworksBuildPhase;
			buildActionMask = 2147483647;
			files = (
			);
			runOnlyForDeploymentPostprocessing = 0;
		};
		D51D6EF4269C1F1600E25263 /* Frameworks */ = {
			isa = PBXFrameworksBuildPhase;
			buildActionMask = 2147483647;
			files = (
			);
			runOnlyForDeploymentPostprocessing = 0;
		};
		D51D6EFF269C1F1600E25263 /* Frameworks */ = {
			isa = PBXFrameworksBuildPhase;
			buildActionMask = 2147483647;
			files = (
			);
			runOnlyForDeploymentPostprocessing = 0;
		};
/* End PBXFrameworksBuildPhase section */

/* Begin PBXGroup section */
		D51D6ED5269C1F1300E25263 = {
			isa = PBXGroup;
			children = (
				D51D6EE0269C1F1300E25263 /* MusicSet */,
				D51D6EFA269C1F1600E25263 /* MusicSetTests */,
				D51D6F05269C1F1600E25263 /* MusicSetUITests */,
				D51D6EDF269C1F1300E25263 /* Products */,
			);
			sourceTree = "<group>";
		};
		D51D6EDF269C1F1300E25263 /* Products */ = {
			isa = PBXGroup;
			children = (
				D51D6EDE269C1F1300E25263 /* MusicSet.app */,
				D51D6EF7269C1F1600E25263 /* MusicSetTests.xctest */,
				D51D6F02269C1F1600E25263 /* MusicSetUITests.xctest */,
			);
			name = Products;
			sourceTree = "<group>";
		};
		D51D6EE0269C1F1300E25263 /* MusicSet */ = {
			isa = PBXGroup;
			children = (
				D51D6EE1269C1F1300E25263 /* AppDelegate.swift */,
				D51D6EE3269C1F1300E25263 /* SceneDelegate.swift */,
				D51D6EE5269C1F1300E25263 /* ViewController.swift */,
				D51D6EE7269C1F1300E25263 /* Main.storyboard */,
				D51D6EED269C1F1500E25263 /* Assets.xcassets */,
				D51D6EEF269C1F1500E25263 /* LaunchScreen.storyboard */,
				D51D6EF2269C1F1500E25263 /* Info.plist */,
				D51D6EEA269C1F1300E25263 /* MusicSet.xcdatamodeld */,
			);
			path = MusicSet;
			sourceTree = "<group>";
		};
		D51D6EFA269C1F1600E25263 /* MusicSetTests */ = {
			isa = PBXGroup;
			children = (
				D51D6EFB269C1F1600E25263 /* MusicSetTests.swift */,
				D51D6EFD269C1F1600E25263 /* Info.plist */,
			);
			path = MusicSetTests;
			sourceTree = "<group>";
		};
		D51D6F05269C1F1600E25263 /* MusicSetUITests */ = {
			isa = PBXGroup;
			children = (
				D51D6F06269C1F1600E25263 /* MusicSetUITests.swift */,
				D51D6F08269C1F1600E25263 /* Info.plist */,
			);
			path = MusicSetUITests;
			sourceTree = "<group>";
		};
/* End PBXGroup section */

/* Begin PBXNativeTarget section */
		D51D6EDD269C1F1300E25263 /* MusicSet */ = {
			isa = PBXNativeTarget;
			buildConfigurationList = D51D6F0B269C1F1600E25263 /* Build configuration list for PBXNativeTarget "MusicSet" */;
			buildPhases = (
				D51D6EDA269C1F1300E25263 /* Sources */,
				D51D6EDB269C1F1300E25263 /* Frameworks */,
				D51D6EDC269C1F1300E25263 /* Resources */,
			);
			buildRules = (
			);
			dependencies = (
			);
			name = MusicSet;
			productName = MusicSet;
			productReference = D51D6EDE269C1F1300E25263 /* MusicSet.app */;
			productType = "com.apple.product-type.application";
		};
		D51D6EF6269C1F1600E25263 /* MusicSetTests */ = {
			isa = PBXNativeTarget;
			buildConfigurationList = D51D6F0E269C1F1600E25263 /* Build configuration list for PBXNativeTarget "MusicSetTests" */;
			buildPhases = (
				D51D6EF3269C1F1600E25263 /* Sources */,
				D51D6EF4269C1F1600E25263 /* Frameworks */,
				D51D6EF5269C1F1600E25263 /* Resources */,
			);
			buildRules = (
			);
			dependencies = (
				D51D6EF9269C1F1600E25263 /* PBXTargetDependency */,
			);
			name = MusicSetTests;
			productName = MusicSetTests;
			productReference = D51D6EF7269C1F1600E25263 /* MusicSetTests.xctest */;
			productType = "com.apple.product-type.bundle.unit-test";
		};
		D51D6F01269C1F1600E25263 /* MusicSetUITests */ = {
			isa = PBXNativeTarget;
			buildConfigurationList = D51D6F11269C1F1600E25263 /* Build configuration list for PBXNativeTarget "MusicSetUITests" */;
			buildPhases = (
				D51D6EFE269C1F1600E25263 /* Sources */,
				D51D6EFF269C1F1600E25263 /* Frameworks */,
				D51D6F00269C1F1600E25263 /* Resources */,
			);
			buildRules = (
			);
			dependencies = (
				D51D6F04269C1F1600E25263 /* PBXTargetDependency */,
			);
			name = MusicSetUITests;
			productName = MusicSetUITests;
			productReference = D51D6F02269C1F1600E25263 /* MusicSetUITests.xctest */;
			productType = "com.apple.product-type.bundle.ui-testing";
		};
/* End PBXNativeTarget section */

/* Begin PBXProject section */
		D51D6ED6269C1F1300E25263 /* Project object */ = {
			isa = PBXProject;
			attributes = {
				LastSwiftUpdateCheck = 1250;
				LastUpgradeCheck = 1250;
				TargetAttributes = {
					D51D6EDD269C1F1300E25263 = {
						CreatedOnToolsVersion = 12.5.1;
					};
					D51D6EF6269C1F1600E25263 = {
						CreatedOnToolsVersion = 12.5.1;
						TestTargetID = D51D6EDD269C1F1300E25263;
					};
					D51D6F01269C1F1600E25263 = {
						CreatedOnToolsVersion = 12.5.1;
						TestTargetID = D51D6EDD269C1F1300E25263;
					};
				};
			};
			buildConfigurationList = D51D6ED9269C1F1300E25263 /* Build configuration list for PBXProject "MusicSet" */;
			compatibilityVersion = "Xcode 9.3";
			developmentRegion = en;
			hasScannedForEncodings = 0;
			knownRegions = (
				en,
				Base,
			);
			mainGroup = D51D6ED5269C1F1300E25263;
			productRefGroup = D51D6EDF269C1F1300E25263 /* Products */;
			projectDirPath = "";
			projectRoot = "";
			targets = (
				D51D6EDD269C1F1300E25263 /* MusicSet */,
				D51D6EF6269C1F1600E25263 /* MusicSetTests */,
				D51D6F01269C1F1600E25263 /* MusicSetUITests */,
			);
		};
/* End PBXProject section */

/* Begin PBXResourcesBuildPhase section */
		D51D6EDC269C1F1300E25263 /* Resources */ = {
			isa = PBXResourcesBuildPhase;
			buildActionMask = 2147483647;
			files = (
				D51D6EF1269C1F1500E25263 /* LaunchScreen.storyboard in Resources */,
				D51D6EEE269C1F1500E25263 /* Assets.xcassets in Resources */,
				D51D6EE9269C1F1300E25263 /* Main.storyboard in Resources */,
			);
			runOnlyForDeploymentPostprocessing = 0;
		};
		D51D6EF5269C1F1600E25263 /* Resources */ = {
			isa = PBXResourcesBuildPhase;
			buildActionMask = 2147483647;
			files = (
			);
			runOnlyForDeploymentPostprocessing = 0;
		};
		D51D6F00269C1F1600E25263 /* Resources */ = {
			isa = PBXResourcesBuildPhase;
			buildActionMask = 2147483647;
			files = (
			);
			runOnlyForDeploymentPostprocessing = 0;
		};
/* End PBXResourcesBuildPhase section */

/* Begin PBXSourcesBuildPhase section */
		D51D6EDA269C1F1300E25263 /* Sources */ = {
			isa = PBXSourcesBuildPhase;
			buildActionMask = 2147483647;
			files = (
				D51D6EE6269C1F1300E25263 /* ViewController.swift in Sources */,
				D51D6EE2269C1F1300E25263 /* AppDelegate.swift in Sources */,
				D51D6EEC269C1F1300E25263 /* MusicSet.xcdatamodeld in Sources */,
				D51D6EE4269C1F1300E25263 /* SceneDelegate.swift in Sources */,
			);
			runOnlyForDeploymentPostprocessing = 0;
		};
		D51D6EF3269C1F1600E25263 /* Sources */ = {
			isa = PBXSourcesBuildPhase;
			buildActionMask = 2147483647;
			files = (
				D51D6EFC269C1F1600E25263 /* MusicSetTests.swift in Sources */,
			);
			runOnlyForDeploymentPostprocessing = 0;
		};
		D51D6EFE269C1F1600E25263 /* Sources */ = {
			isa = PBXSourcesBuildPhase;
			buildActionMask = 2147483647;
			files = (
				D51D6F07269C1F1600E25263 /* MusicSetUITests.swift in Sources */,
			);
			runOnlyForDeploymentPostprocessing = 0;
		};
/* End PBXSourcesBuildPhase section */

/* Begin PBXTargetDependency section */
		D51D6EF9269C1F1600E25263 /* PBXTargetDependency */ = {
			isa = PBXTargetDependency;
			target = D51D6EDD269C1F1300E25263 /* MusicSet */;
			targetProxy = D51D6EF8269C1F1600E25263 /* PBXContainerItemProxy */;
		};
		D51D6F04269C1F1600E25263 /* PBXTargetDependency */ = {
			isa = PBXTargetDependency;
			target = D51D6EDD269C1F1300E25263 /* MusicSet */;
			targetProxy = D51D6F03269C1F1600E25263 /* PBXContainerItemProxy */;
		};
/* End PBXTargetDependency section */

/* Begin PBXVariantGroup section */
		D51D6EE7269C1F1300E25263 /* Main.storyboard */ = {
			isa = PBXVariantGroup;
			children = (
				D51D6EE8269C1F1300E25263 /* Base */,
			);
			name = Main.storyboard;
			sourceTree = "<group>";
		};
		D51D6EEF269C1F1500E25263 /* LaunchScreen.storyboard */ = {
			isa = PBXVariantGroup;
			children = (
				D51D6EF0269C1F1500E25263 /* Base */,
			);
			name = LaunchScreen.storyboard;
			sourceTree = "<group>";
		};
/* End PBXVariantGroup section */

/* Begin XCBuildConfiguration section */
		D51D6F09269C1F1600E25263 /* Debug */ = {
			isa = XCBuildConfiguration;
			buildSettings = {
				ALWAYS_SEARCH_USER_PATHS = NO;
				CLANG_ANALYZER_NONNULL = YES;
				CLANG_ANALYZER_NUMBER_OBJECT_CONVERSION = YES_AGGRESSIVE;
				CLANG_CXX_LANGUAGE_STANDARD = "gnu++14";
				CLANG_CXX_LIBRARY = "libc++";
				CLANG_ENABLE_MODULES = YES;
				CLANG_ENABLE_OBJC_ARC = YES;
				CLANG_ENABLE_OBJC_WEAK = YES;
				CLANG_WARN_BLOCK_CAPTURE_AUTORELEASING = YES;
				CLANG_WARN_BOOL_CONVERSION = YES;
				CLANG_WARN_COMMA = YES;
				CLANG_WARN_CONSTANT_CONVERSION = YES;
				CLANG_WARN_DEPRECATED_OBJC_IMPLEMENTATIONS = YES;
				CLANG_WARN_DIRECT_OBJC_ISA_USAGE = YES_ERROR;
				CLANG_WARN_DOCUMENTATION_COMMENTS = YES;
				CLANG_WARN_EMPTY_BODY = YES;
				CLANG_WARN_ENUM_CONVERSION = YES;
				CLANG_WARN_INFINITE_RECURSION = YES;
				CLANG_WARN_INT_CONVERSION = YES;
				CLANG_WARN_NON_LITERAL_NULL_CONVERSION = YES;
				CLANG_WARN_OBJC_IMPLICIT_RETAIN_SELF = YES;
				CLANG_WARN_OBJC_LITERAL_CONVERSION = YES;
				CLANG_WARN_OBJC_ROOT_CLASS = YES_ERROR;
				CLANG_WARN_QUOTED_INCLUDE_IN_FRAMEWORK_HEADER = YES;
				CLANG_WARN_RANGE_LOOP_ANALYSIS = YES;
				CLANG_WARN_STRICT_PROTOTYPES = YES;
				CLANG_WARN_SUSPICIOUS_MOVE = YES;
				CLANG_WARN_UNGUARDED_AVAILABILITY = YES_AGGRESSIVE;
				CLANG_WARN_UNREACHABLE_CODE = YES;
				CLANG_WARN__DUPLICATE_METHOD_MATCH = YES;
				COPY_PHASE_STRIP = NO;
				DEBUG_INFORMATION_FORMAT = dwarf;
				ENABLE_STRICT_OBJC_MSGSEND = YES;
				ENABLE_TESTABILITY = YES;
				GCC_C_LANGUAGE_STANDARD = gnu11;
				GCC_DYNAMIC_NO_PIC = NO;
				GCC_NO_COMMON_BLOCKS = YES;
				GCC_OPTIMIZATION_LEVEL = 0;
				GCC_PREPROCESSOR_DEFINITIONS = (
					"DEBUG=1",
					"$(inherited)",
				);
				GCC_WARN_64_TO_32_BIT_CONVERSION = YES;
				GCC_WARN_ABOUT_RETURN_TYPE = YES_ERROR;
				GCC_WARN_UNDECLARED_SELECTOR = YES;
				GCC_WARN_UNINITIALIZED_AUTOS = YES_AGGRESSIVE;
				GCC_WARN_UNUSED_FUNCTION = YES;
				GCC_WARN_UNUSED_VARIABLE = YES;
				IPHONEOS_DEPLOYMENT_TARGET = 14.5;
				MTL_ENABLE_DEBUG_INFO = INCLUDE_SOURCE;
				MTL_FAST_MATH = YES;
				ONLY_ACTIVE_ARCH = YES;
				SDKROOT = iphoneos;
				SWIFT_ACTIVE_COMPILATION_CONDITIONS = DEBUG;
				SWIFT_OPTIMIZATION_LEVEL = "-Onone";
			};
			name = Debug;
		};
		D51D6F0A269C1F1600E25263 /* Release */ = {
			isa = XCBuildConfiguration;
			buildSettings = {
				ALWAYS_SEARCH_USER_PATHS = NO;
				CLANG_ANALYZER_NONNULL = YES;
				CLANG_ANALYZER_NUMBER_OBJECT_CONVERSION = YES_AGGRESSIVE;
				CLANG_CXX_LANGUAGE_STANDARD = "gnu++14";
				CLANG_CXX_LIBRARY = "libc++";
				CLANG_ENABLE_MODULES = YES;
				CLANG_ENABLE_OBJC_ARC = YES;
				CLANG_ENABLE_OBJC_WEAK = YES;
				CLANG_WARN_BLOCK_CAPTURE_AUTORELEASING = YES;
				CLANG_WARN_BOOL_CONVERSION = YES;
				CLANG_WARN_COMMA = YES;
				CLANG_WARN_CONSTANT_CONVERSION = YES;
				CLANG_WARN_DEPRECATED_OBJC_IMPLEMENTATIONS = YES;
				CLANG_WARN_DIRECT_OBJC_ISA_USAGE = YES_ERROR;
				CLANG_WARN_DOCUMENTATION_COMMENTS = YES;
				CLANG_WARN_EMPTY_BODY = YES;
				CLANG_WARN_ENUM_CONVERSION = YES;
				CLANG_WARN_INFINITE_RECURSION = YES;
				CLANG_WARN_INT_CONVERSION = YES;
				CLANG_WARN_NON_LITERAL_NULL_CONVERSION = YES;
				CLANG_WARN_OBJC_IMPLICIT_RETAIN_SELF = YES;
				CLANG_WARN_OBJC_LITERAL_CONVERSION = YES;
				CLANG_WARN_OBJC_ROOT_CLASS = YES_ERROR;
				CLANG_WARN_QUOTED_INCLUDE_IN_FRAMEWORK_HEADER = YES;
				CLANG_WARN_RANGE_LOOP_ANALYSIS = YES;
				CLANG_WARN_STRICT_PROTOTYPES = YES;
				CLANG_WARN_SUSPICIOUS_MOVE = YES;
				CLANG_WARN_UNGUARDED_AVAILABILITY = YES_AGGRESSIVE;
				CLANG_WARN_UNREACHABLE_CODE = YES;
				CLANG_WARN__DUPLICATE_METHOD_MATCH = YES;
				COPY_PHASE_STRIP = NO;
				DEBUG_INFORMATION_FORMAT = "dwarf-with-dsym";
				ENABLE_NS_ASSERTIONS = NO;
				ENABLE_STRICT_OBJC_MSGSEND = YES;
				GCC_C_LANGUAGE_STANDARD = gnu11;
				GCC_NO_COMMON_BLOCKS = YES;
				GCC_WARN_64_TO_32_BIT_CONVERSION = YES;
				GCC_WARN_ABOUT_RETURN_TYPE = YES_ERROR;
				GCC_WARN_UNDECLARED_SELECTOR = YES;
				GCC_WARN_UNINITIALIZED_AUTOS = YES_AGGRESSIVE;
				GCC_WARN_UNUSED_FUNCTION = YES;
				GCC_WARN_UNUSED_VARIABLE = YES;
				IPHONEOS_DEPLOYMENT_TARGET = 14.5;
				MTL_ENABLE_DEBUG_INFO = NO;
				MTL_FAST_MATH = YES;
				SDKROOT = iphoneos;
				SWIFT_COMPILATION_MODE = wholemodule;
				SWIFT_OPTIMIZATION_LEVEL = "-O";
				VALIDATE_PRODUCT = YES;
			};
			name = Release;
		};
		D51D6F0C269C1F1600E25263 /* Debug */ = {
			isa = XCBuildConfiguration;
			buildSettings = {
				ASSETCATALOG_COMPILER_APPICON_NAME = AppIcon;
				ASSETCATALOG_COMPILER_GLOBAL_ACCENT_COLOR_NAME = AccentColor;
				CODE_SIGN_STYLE = Automatic;
				DEVELOPMENT_TEAM = 4QP64UP44Y;
				INFOPLIST_FILE = MusicSet/Info.plist;
				LD_RUNPATH_SEARCH_PATHS = (
					"$(inherited)",
					"@executable_path/Frameworks",
				);
				PRODUCT_BUNDLE_IDENTIFIER = co.Delask.MusicSet;
				PRODUCT_NAME = "$(TARGET_NAME)";
				SWIFT_VERSION = 5.0;
				TARGETED_DEVICE_FAMILY = "1,2";
			};
			name = Debug;
		};
		D51D6F0D269C1F1600E25263 /* Release */ = {
			isa = XCBuildConfiguration;
			buildSettings = {
				ASSETCATALOG_COMPILER_APPICON_NAME = AppIcon;
				ASSETCATALOG_COMPILER_GLOBAL_ACCENT_COLOR_NAME = AccentColor;
				CODE_SIGN_STYLE = Automatic;
				DEVELOPMENT_TEAM = 4QP64UP44Y;
				INFOPLIST_FILE = MusicSet/Info.plist;
				LD_RUNPATH_SEARCH_PATHS = (
					"$(inherited)",
					"@executable_path/Frameworks",
				);
				PRODUCT_BUNDLE_IDENTIFIER = co.Delask.MusicSet;
				PRODUCT_NAME = "$(TARGET_NAME)";
				SWIFT_VERSION = 5.0;
				TARGETED_DEVICE_FAMILY = "1,2";
			};
			name = Release;
		};
		D51D6F0F269C1F1600E25263 /* Debug */ = {
			isa = XCBuildConfiguration;
			buildSettings = {
				ALWAYS_EMBED_SWIFT_STANDARD_LIBRARIES = YES;
				BUNDLE_LOADER = "$(TEST_HOST)";
				CODE_SIGN_STYLE = Automatic;
				DEVELOPMENT_TEAM = 4QP64UP44Y;
				INFOPLIST_FILE = MusicSetTests/Info.plist;
				IPHONEOS_DEPLOYMENT_TARGET = 14.5;
				LD_RUNPATH_SEARCH_PATHS = (
					"$(inherited)",
					"@executable_path/Frameworks",
					"@loader_path/Frameworks",
				);
				PRODUCT_BUNDLE_IDENTIFIER = co.Delask.MusicSetTests;
				PRODUCT_NAME = "$(TARGET_NAME)";
				SWIFT_VERSION = 5.0;
				TARGETED_DEVICE_FAMILY = "1,2";
				TEST_HOST = "$(BUILT_PRODUCTS_DIR)/MusicSet.app/MusicSet";
			};
			name = Debug;
		};
		D51D6F10269C1F1600E25263 /* Release */ = {
			isa = XCBuildConfiguration;
			buildSettings = {
				ALWAYS_EMBED_SWIFT_STANDARD_LIBRARIES = YES;
				BUNDLE_LOADER = "$(TEST_HOST)";
				CODE_SIGN_STYLE = Automatic;
				DEVELOPMENT_TEAM = 4QP64UP44Y;
				INFOPLIST_FILE = MusicSetTests/Info.plist;
				IPHONEOS_DEPLOYMENT_TARGET = 14.5;
				LD_RUNPATH_SEARCH_PATHS = (
					"$(inherited)",
					"@executable_path/Frameworks",
					"@loader_path/Frameworks",
				);
				PRODUCT_BUNDLE_IDENTIFIER = co.Delask.MusicSetTests;
				PRODUCT_NAME = "$(TARGET_NAME)";
				SWIFT_VERSION = 5.0;
				TARGETED_DEVICE_FAMILY = "1,2";
				TEST_HOST = "$(BUILT_PRODUCTS_DIR)/MusicSet.app/MusicSet";
			};
			name = Release;
		};
		D51D6F12269C1F1600E25263 /* Debug */ = {
			isa = XCBuildConfiguration;
			buildSettings = {
				ALWAYS_EMBED_SWIFT_STANDARD_LIBRARIES = YES;
				CODE_SIGN_STYLE = Automatic;
				DEVELOPMENT_TEAM = 4QP64UP44Y;
				INFOPLIST_FILE = MusicSetUITests/Info.plist;
				LD_RUNPATH_SEARCH_PATHS = (
					"$(inherited)",
					"@executable_path/Frameworks",
					"@loader_path/Frameworks",
				);
				PRODUCT_BUNDLE_IDENTIFIER = co.Delask.MusicSetUITests;
				PRODUCT_NAME = "$(TARGET_NAME)";
				SWIFT_VERSION = 5.0;
				TARGETED_DEVICE_FAMILY = "1,2";
				TEST_TARGET_NAME = MusicSet;
			};
			name = Debug;
		};
		D51D6F13269C1F1600E25263 /* Release */ = {
			isa = XCBuildConfiguration;
			buildSettings = {
				ALWAYS_EMBED_SWIFT_STANDARD_LIBRARIES = YES;
				CODE_SIGN_STYLE = Automatic;
				DEVELOPMENT_TEAM = 4QP64UP44Y;
				INFOPLIST_FILE = MusicSetUITests/Info.plist;
				LD_RUNPATH_SEARCH_PATHS = (
					"$(inherited)",
					"@executable_path/Frameworks",
					"@loader_path/Frameworks",
				);
				PRODUCT_BUNDLE_IDENTIFIER = co.Delask.MusicSetUITests;
				PRODUCT_NAME = "$(TARGET_NAME)";
				SWIFT_VERSION = 5.0;
				TARGETED_DEVICE_FAMILY = "1,2";
				TEST_TARGET_NAME = MusicSet;
			};
			name = Release;
		};
/* End XCBuildConfiguration section */

/* Begin XCConfigurationList section */
		D51D6ED9269C1F1300E25263 /* Build configuration list for PBXProject "MusicSet" */ = {
			isa = XCConfigurationList;
			buildConfigurations = (
				D51D6F09269C1F1600E25263 /* Debug */,
				D51D6F0A269C1F1600E25263 /* Release */,
			);
			defaultConfigurationIsVisible = 0;
			defaultConfigurationName = Release;
		};
		D51D6F0B269C1F1600E25263 /* Build configuration list for PBXNativeTarget "MusicSet" */ = {
			isa = XCConfigurationList;
			buildConfigurations = (
				D51D6F0C269C1F1600E25263 /* Debug */,
				D51D6F0D269C1F1600E25263 /* Release */,
			);
			defaultConfigurationIsVisible = 0;
			defaultConfigurationName = Release;
		};
		D51D6F0E269C1F1600E25263 /* Build configuration list for PBXNativeTarget "MusicSetTests" */ = {
			isa = XCConfigurationList;
			buildConfigurations = (
				D51D6F0F269C1F1600E25263 /* Debug */,
				D51D6F10269C1F1600E25263 /* Release */,
			);
			defaultConfigurationIsVisible = 0;
			defaultConfigurationName = Release;
		};
		D51D6F11269C1F1600E25263 /* Build configuration list for PBXNativeTarget "MusicSetUITests" */ = {
			isa = XCConfigurationList;
			buildConfigurations = (
				D51D6F12269C1F1600E25263 /* Debug */,
				D51D6F13269C1F1600E25263 /* Release */,
			);
			defaultConfigurationIsVisible = 0;
			defaultConfigurationName = Release;
		};
/* End XCConfigurationList section */

/* Begin XCVersionGroup section */
		D51D6EEA269C1F1300E25263 /* MusicSet.xcdatamodeld */ = {
			isa = XCVersionGroup;
			children = (
				D51D6EEB269C1F1300E25263 /* MusicSet.xcdatamodel */,
			);
			currentVersion = D51D6EEB269C1F1300E25263 /* MusicSet.xcdatamodel */;
			path = MusicSet.xcdatamodeld;
			sourceTree = "<group>";
			versionGroupType = wrapper.xcdatamodel;
		};
/* End XCVersionGroup section */
	};
	rootObject = D51D6ED6269C1F1300E25263 /* Project object */;
}
